
Microsoft Visual Studio Solution File, Format Version 12.00
# Visual Studio Version 17
VisualStudioVersion = 17.11.35327.3
MinimumVisualStudioVersion = 10.0.40219.1
Project("{2150E333-8FDC-42A3-9474-1A3956D46DE8}") = "Task0", "Task0", "{B191399B-723F-4E7E-91F7-F7FFCBA9F1D1}"
EndProject
Project("{9A19103F-16F7-4668-BE54-9A1E7A4F7556}") = "Tyuiu.FilimonchukED.Sprint1.Task0.V22", "Tyuiu.FilimonchukED.Sprint1.Task0.V22\Tyuiu.FilimonchukED.Sprint1.Task0.V22.csproj", "{F1D70EAA-ABB0-42FD-A2C0-1487F5F46F94}"
EndProject
Project("{9A19103F-16F7-4668-BE54-9A1E7A4F7556}") = "Tyuiu.FilimonchukED.Sprint1.Task0.V22.Test", "Tyuiu.FilimonchukED.Sprint1.Task0.V22.Test\Tyuiu.FilimonchukED.Sprint1.Task0.V22.Test.csproj", "{B24364E2-FE1B-40B5-8754-A292D10CC905}"
EndProject
Project("{9A19103F-16F7-4668-BE54-9A1E7A4F7556}") = "Tyuiu.FilimonchukED.Sprint1.Task0.V22.Lib", "Tyuiu.FilimonchukED.Sprint1.Task0.V22.Lib\Tyuiu.FilimonchukED.Sprint1.Task0.V22.Lib.csproj", "{869A931D-26C2-4DF5-B2F3-1F75A28E68E3}"
EndProject
Project("{2150E333-8FDC-42A3-9474-1A3956D46DE8}") = "Task1", "Task1", "{47682569-0B24-4D7C-844A-5AB0122F7B6F}"
EndProject
Project("{9A19103F-16F7-4668-BE54-9A1E7A4F7556}") = "Tyuiu.FilimonchukED.Sprint1.Task1.V27", "Tyuiu.FilimonchukED.Sprint1.Task1.V27\Tyuiu.FilimonchukED.Sprint1.Task1.V27.csproj", "{31B7FA44-2CD4-4B19-8859-1F0820E45295}"
EndProject
Project("{9A19103F-16F7-4668-BE54-9A1E7A4F7556}") = "Tyuiu.FilimonchukED.Sprint1.Task1.V27.Lib", "Tyuiu.FilimonchukED.Sprint1.Task1.V27.Lib\Tyuiu.FilimonchukED.Sprint1.Task1.V27.Lib.csproj", "{CD067C25-EE68-4F10-A7E0-E09538E3AB93}"
EndProject
Project("{9A19103F-16F7-4668-BE54-9A1E7A4F7556}") = "Tyuiu.FilimonchukED.Sprint1.Task1.V27.Test", "Tyuiu.FilimonchukED.Sprint1.Task1.V27.Test\Tyuiu.FilimonchukED.Sprint1.Task1.V27.Test.csproj", "{96566D42-6339-42D4-9EE4-54161420AE48}"
EndProject
Project("{2150E333-8FDC-42A3-9474-1A3956D46DE8}") = "Task2", "Task2", "{27F2B251-9871-46FE-B57B-8C6C0C3C5DB5}"
EndProject
Project("{FAE04EC0-301F-11D3-BF4B-00C04F79EFBC}") = "Tyuiu.FilimonchukED.Sprint1.Task2.V14", "Tyuiu.FilimonchukED.Sprint1.Task2.V14\Tyuiu.FilimonchukED.Sprint1.Task2.V14.csproj", "{4896F704-351B-4D67-9C4B-F2F3E033E06C}"
EndProject
Project("{FAE04EC0-301F-11D3-BF4B-00C04F79EFBC}") = "Tyuiu.FilimonchukED.Sprint1.Task2.V14.Lib", "Tyuiu.FilimonchukED.Sprint1.Task2.V14.Lib\Tyuiu.FilimonchukED.Sprint1.Task2.V14.Lib.csproj", "{E6538E1B-29E9-4F8D-9C35-7BFA5563F704}"
EndProject
Project("{FAE04EC0-301F-11D3-BF4B-00C04F79EFBC}") = "Tyuiu.FilimonchukED.Sprint1.Task2.V14.Test", "Tyuiu.FilimonchukED.Sprint1.Task2.V14.Test\Tyuiu.FilimonchukED.Sprint1.Task2.V14.Test.csproj", "{5EC8F18F-ECE6-4264-95D4-28868BA5D8DC}"
EndProject
Global
	GlobalSection(SolutionConfigurationPlatforms) = preSolution
		Debug|Any CPU = Debug|Any CPU
		Release|Any CPU = Release|Any CPU
	EndGlobalSection
	GlobalSection(ProjectConfigurationPlatforms) = postSolution
		{F1D70EAA-ABB0-42FD-A2C0-1487F5F46F94}.Debug|Any CPU.ActiveCfg = Debug|Any CPU
		{F1D70EAA-ABB0-42FD-A2C0-1487F5F46F94}.Debug|Any CPU.Build.0 = Debug|Any CPU
		{F1D70EAA-ABB0-42FD-A2C0-1487F5F46F94}.Release|Any CPU.ActiveCfg = Release|Any CPU
		{F1D70EAA-ABB0-42FD-A2C0-1487F5F46F94}.Release|Any CPU.Build.0 = Release|Any CPU
		{B24364E2-FE1B-40B5-8754-A292D10CC905}.Debug|Any CPU.ActiveCfg = Debug|Any CPU
		{B24364E2-FE1B-40B5-8754-A292D10CC905}.Debug|Any CPU.Build.0 = Debug|Any CPU
		{B24364E2-FE1B-40B5-8754-A292D10CC905}.Release|Any CPU.ActiveCfg = Release|Any CPU
		{B24364E2-FE1B-40B5-8754-A292D10CC905}.Release|Any CPU.Build.0 = Release|Any CPU
		{869A931D-26C2-4DF5-B2F3-1F75A28E68E3}.Debug|Any CPU.ActiveCfg = Debug|Any CPU
		{869A931D-26C2-4DF5-B2F3-1F75A28E68E3}.Debug|Any CPU.Build.0 = Debug|Any CPU
		{869A931D-26C2-4DF5-B2F3-1F75A28E68E3}.Release|Any CPU.ActiveCfg = Release|Any CPU
		{869A931D-26C2-4DF5-B2F3-1F75A28E68E3}.Release|Any CPU.Build.0 = Release|Any CPU
		{31B7FA44-2CD4-4B19-8859-1F0820E45295}.Debug|Any CPU.ActiveCfg = Debug|Any CPU
		{31B7FA44-2CD4-4B19-8859-1F0820E45295}.Debug|Any CPU.Build.0 = Debug|Any CPU
		{31B7FA44-2CD4-4B19-8859-1F0820E45295}.Release|Any CPU.ActiveCfg = Release|Any CPU
		{31B7FA44-2CD4-4B19-8859-1F0820E45295}.Release|Any CPU.Build.0 = Release|Any CPU
		{CD067C25-EE68-4F10-A7E0-E09538E3AB93}.Debug|Any CPU.ActiveCfg = Debug|Any CPU
		{CD067C25-EE68-4F10-A7E0-E09538E3AB93}.Debug|Any CPU.Build.0 = Debug|Any CPU
		{CD067C25-EE68-4F10-A7E0-E09538E3AB93}.Release|Any CPU.ActiveCfg = Release|Any CPU
		{CD067C25-EE68-4F10-A7E0-E09538E3AB93}.Release|Any CPU.Build.0 = Release|Any CPU
		{96566D42-6339-42D4-9EE4-54161420AE48}.Debug|Any CPU.ActiveCfg = Debug|Any CPU
		{96566D42-6339-42D4-9EE4-54161420AE48}.Debug|Any CPU.Build.0 = Debug|Any CPU
		{96566D42-6339-42D4-9EE4-54161420AE48}.Release|Any CPU.ActiveCfg = Release|Any CPU
		{96566D42-6339-42D4-9EE4-54161420AE48}.Release|Any CPU.Build.0 = Release|Any CPU
		{4896F704-351B-4D67-9C4B-F2F3E033E06C}.Debug|Any CPU.ActiveCfg = Debug|Any CPU
		{4896F704-351B-4D67-9C4B-F2F3E033E06C}.Debug|Any CPU.Build.0 = Debug|Any CPU
		{4896F704-351B-4D67-9C4B-F2F3E033E06C}.Release|Any CPU.ActiveCfg = Release|Any CPU
		{4896F704-351B-4D67-9C4B-F2F3E033E06C}.Release|Any CPU.Build.0 = Release|Any CPU
		{E6538E1B-29E9-4F8D-9C35-7BFA5563F704}.Debug|Any CPU.ActiveCfg = Debug|Any CPU
		{E6538E1B-29E9-4F8D-9C35-7BFA5563F704}.Debug|Any CPU.Build.0 = Debug|Any CPU
		{E6538E1B-29E9-4F8D-9C35-7BFA5563F704}.Release|Any CPU.ActiveCfg = Release|Any CPU
		{E6538E1B-29E9-4F8D-9C35-7BFA5563F704}.Release|Any CPU.Build.0 = Release|Any CPU
		{5EC8F18F-ECE6-4264-95D4-28868BA5D8DC}.Debug|Any CPU.ActiveCfg = Debug|Any CPU
		{5EC8F18F-ECE6-4264-95D4-28868BA5D8DC}.Debug|Any CPU.Build.0 = Debug|Any CPU
		{5EC8F18F-ECE6-4264-95D4-28868BA5D8DC}.Release|Any CPU.ActiveCfg = Release|Any CPU
		{5EC8F18F-ECE6-4264-95D4-28868BA5D8DC}.Release|Any CPU.Build.0 = Release|Any CPU
	EndGlobalSection
	GlobalSection(SolutionProperties) = preSolution
		HideSolutionNode = FALSE
	EndGlobalSection
	GlobalSection(NestedProjects) = preSolution
		{F1D70EAA-ABB0-42FD-A2C0-1487F5F46F94} = {B191399B-723F-4E7E-91F7-F7FFCBA9F1D1}
		{B24364E2-FE1B-40B5-8754-A292D10CC905} = {B191399B-723F-4E7E-91F7-F7FFCBA9F1D1}
		{869A931D-26C2-4DF5-B2F3-1F75A28E68E3} = {B191399B-723F-4E7E-91F7-F7FFCBA9F1D1}
		{31B7FA44-2CD4-4B19-8859-1F0820E45295} = {47682569-0B24-4D7C-844A-5AB0122F7B6F}
		{CD067C25-EE68-4F10-A7E0-E09538E3AB93} = {47682569-0B24-4D7C-844A-5AB0122F7B6F}
		{96566D42-6339-42D4-9EE4-54161420AE48} = {47682569-0B24-4D7C-844A-5AB0122F7B6F}
		{4896F704-351B-4D67-9C4B-F2F3E033E06C} = {27F2B251-9871-46FE-B57B-8C6C0C3C5DB5}
		{E6538E1B-29E9-4F8D-9C35-7BFA5563F704} = {27F2B251-9871-46FE-B57B-8C6C0C3C5DB5}
		{5EC8F18F-ECE6-4264-95D4-28868BA5D8DC} = {27F2B251-9871-46FE-B57B-8C6C0C3C5DB5}
	EndGlobalSection
	GlobalSection(ExtensibilityGlobals) = postSolution
		SolutionGuid = {E9065EF7-09CE-4E79-B009-44C890602F14}
	EndGlobalSection
EndGlobal
